
Microsoft Visual Studio Solution File, Format Version 12.00
# Visual Studio Version 17
VisualStudioVersion = 17.5.33414.496
MinimumVisualStudioVersion = 10.0.40219.1
Project("{9A19103F-16F7-4668-BE54-9A1E7A4F7556}") = "ImageGenerator", "ImageGenerator\ImageGenerator.csproj", "{E206BCE5-3E8D-4535-8F96-807C4EDBE12A}"
EndProject
Project("{FAE04EC0-301F-11D3-BF4B-00C04F79EFBC}") = "IntroductionCSharp", "IntroductionCSharp\IntroductionCSharp.csproj", "{9247B9A8-876A-4194-9478-62CCEA8AB0DA}"
EndProject
Project("{FAE04EC0-301F-11D3-BF4B-00C04F79EFBC}") = "ConsoleApp", "ConsoleApp\ConsoleApp.csproj", "{62106B17-0DA7-4433-A124-BC926706B310}"
EndProject
Global
	GlobalSection(SolutionConfigurationPlatforms) = preSolution
		Debug|Any CPU = Debug|Any CPU
		Release|Any CPU = Release|Any CPU
	EndGlobalSection
	GlobalSection(ProjectConfigurationPlatforms) = postSolution
		{E206BCE5-3E8D-4535-8F96-807C4EDBE12A}.Debug|Any CPU.ActiveCfg = Debug|Any CPU
		{E206BCE5-3E8D-4535-8F96-807C4EDBE12A}.Debug|Any CPU.Build.0 = Debug|Any CPU
		{E206BCE5-3E8D-4535-8F96-807C4EDBE12A}.Release|Any CPU.ActiveCfg = Release|Any CPU
		{E206BCE5-3E8D-4535-8F96-807C4EDBE12A}.Release|Any CPU.Build.0 = Release|Any CPU
		{9247B9A8-876A-4194-9478-62CCEA8AB0DA}.Debug|Any CPU.ActiveCfg = Debug|Any CPU
		{9247B9A8-876A-4194-9478-62CCEA8AB0DA}.Debug|Any CPU.Build.0 = Debug|Any CPU
		{9247B9A8-876A-4194-9478-62CCEA8AB0DA}.Release|Any CPU.ActiveCfg = Release|Any CPU
		{9247B9A8-876A-4194-9478-62CCEA8AB0DA}.Release|Any CPU.Build.0 = Release|Any CPU
		{62106B17-0DA7-4433-A124-BC926706B310}.Debug|Any CPU.ActiveCfg = Debug|Any CPU
		{62106B17-0DA7-4433-A124-BC926706B310}.Debug|Any CPU.Build.0 = Debug|Any CPU
		{62106B17-0DA7-4433-A124-BC926706B310}.Release|Any CPU.ActiveCfg = Release|Any CPU
		{62106B17-0DA7-4433-A124-BC926706B310}.Release|Any CPU.Build.0 = Release|Any CPU
	EndGlobalSection
	GlobalSection(SolutionProperties) = preSolution
		HideSolutionNode = FALSE
	EndGlobalSection
	GlobalSection(ExtensibilityGlobals) = postSolution
		SolutionGuid = {43405303-762C-40A7-97EC-D81AD0013817}
	EndGlobalSection
EndGlobal
